
Microsoft Visual Studio Solution File, Format Version 12.00
# Visual Studio Version 17
VisualStudioVersion = 17.0.31903.59
MinimumVisualStudioVersion = 10.0.40219.1
Project("{2150E333-8FDC-42A3-9474-1A3956D46DE8}") = "source", "source", "{64AD66FB-7FA7-4275-9E2E-5DF4EE700841}"
EndProject
Project("{FAE04EC0-301F-11D3-BF4B-00C04F79EFBC}") = "api", "source\api\api.csproj", "{73252129-57D5-4B48-B74B-A2D850B2C751}"
EndProject
Project("{FAE04EC0-301F-11D3-BF4B-00C04F79EFBC}") = "domain", "source\domain\domain.csproj", "{DDAA9118-EA19-4CAC-96AB-AE3B5F88C8D5}"
EndProject
Project("{FAE04EC0-301F-11D3-BF4B-00C04F79EFBC}") = "infra", "source\infra\infra.csproj", "{612F6E21-9741-4C7C-A956-96C010DEF123}"
EndProject
Global
	GlobalSection(SolutionConfigurationPlatforms) = preSolution
		Debug|Any CPU = Debug|Any CPU
		Release|Any CPU = Release|Any CPU
	EndGlobalSection
	GlobalSection(SolutionProperties) = preSolution
		HideSolutionNode = FALSE
	EndGlobalSection
	GlobalSection(ProjectConfigurationPlatforms) = postSolution
		{73252129-57D5-4B48-B74B-A2D850B2C751}.Debug|Any CPU.ActiveCfg = Debug|Any CPU
		{73252129-57D5-4B48-B74B-A2D850B2C751}.Debug|Any CPU.Build.0 = Debug|Any CPU
		{73252129-57D5-4B48-B74B-A2D850B2C751}.Release|Any CPU.ActiveCfg = Release|Any CPU
		{73252129-57D5-4B48-B74B-A2D850B2C751}.Release|Any CPU.Build.0 = Release|Any CPU
		{DDAA9118-EA19-4CAC-96AB-AE3B5F88C8D5}.Debug|Any CPU.ActiveCfg = Debug|Any CPU
		{DDAA9118-EA19-4CAC-96AB-AE3B5F88C8D5}.Debug|Any CPU.Build.0 = Debug|Any CPU
		{DDAA9118-EA19-4CAC-96AB-AE3B5F88C8D5}.Release|Any CPU.ActiveCfg = Release|Any CPU
		{DDAA9118-EA19-4CAC-96AB-AE3B5F88C8D5}.Release|Any CPU.Build.0 = Release|Any CPU
		{612F6E21-9741-4C7C-A956-96C010DEF123}.Debug|Any CPU.ActiveCfg = Debug|Any CPU
		{612F6E21-9741-4C7C-A956-96C010DEF123}.Debug|Any CPU.Build.0 = Debug|Any CPU
		{612F6E21-9741-4C7C-A956-96C010DEF123}.Release|Any CPU.ActiveCfg = Release|Any CPU
		{612F6E21-9741-4C7C-A956-96C010DEF123}.Release|Any CPU.Build.0 = Release|Any CPU
	EndGlobalSection
	GlobalSection(NestedProjects) = preSolution
		{73252129-57D5-4B48-B74B-A2D850B2C751} = {64AD66FB-7FA7-4275-9E2E-5DF4EE700841}
		{DDAA9118-EA19-4CAC-96AB-AE3B5F88C8D5} = {64AD66FB-7FA7-4275-9E2E-5DF4EE700841}
		{612F6E21-9741-4C7C-A956-96C010DEF123} = {64AD66FB-7FA7-4275-9E2E-5DF4EE700841}
	EndGlobalSection
EndGlobal
